
Microsoft Visual Studio Solution File, Format Version 12.00
# Visual Studio Version 16
VisualStudioVersion = 16.0.32106.194
MinimumVisualStudioVersion = 10.0.40219.1
Project("{FAE04EC0-301F-11D3-BF4B-00C04F79EFBC}") = "BozziAltezzeApp", "BozziAltezzeApp\BozziAltezzeApp.csproj", "{3935AA79-C755-45DA-9D73-720A26CBC763}"
EndProject
Global
	GlobalSection(SolutionConfigurationPlatforms) = preSolution
		Debug|Any CPU = Debug|Any CPU
		Release|Any CPU = Release|Any CPU
	EndGlobalSection
	GlobalSection(ProjectConfigurationPlatforms) = postSolution
		{3935AA79-C755-45DA-9D73-720A26CBC763}.Debug|Any CPU.ActiveCfg = Debug|Any CPU
		{3935AA79-C755-45DA-9D73-720A26CBC763}.Debug|Any CPU.Build.0 = Debug|Any CPU
		{3935AA79-C755-45DA-9D73-720A26CBC763}.Release|Any CPU.ActiveCfg = Release|Any CPU
		{3935AA79-C755-45DA-9D73-720A26CBC763}.Release|Any CPU.Build.0 = Release|Any CPU
	EndGlobalSection
	GlobalSection(SolutionProperties) = preSolution
		HideSolutionNode = FALSE
	EndGlobalSection
	GlobalSection(ExtensibilityGlobals) = postSolution
		SolutionGuid = {F3DB6C82-9934-451C-9C23-B4B71C9192F9}
	EndGlobalSection
EndGlobal
